{
  "markbot": "20a9c4ab1dc6cda02f5093617cc6ada7ae424f9156adf28f35642dfc0cc351cf",
  "markbotignore": "030a4e6e1b3b6b510514a7ae54576e2c2ef762d56236c6414ef634955d96a126",
  "index-before-1440.png": "e9d9799d350c5a957ab9d4c1cb01b4d3f3380542156dea9aa12cd9b08ced8555",
  "index-click-1400.png": "a3a8289ac325b161f2ae68977ad53a8c0f005f908fd77e225bc097e23bfe1751"
}